// !$*UTF8*$!
{
	archiveVersion = 1;
	classes = {
	};
	objectVersion = 55;
	objects = {

/* Begin PBXBuildFile section */
		14354D3B27C0ADF10066AC11 /* LocationServices.swift in Sources */ = {isa = PBXBuildFile; fileRef = 14354D3A27C0ADF10066AC11 /* LocationServices.swift */; };
		145778D027C0E51F00C3A9D9 /* BusinessListAPI.swift in Sources */ = {isa = PBXBuildFile; fileRef = 145778CF27C0E51F00C3A9D9 /* BusinessListAPI.swift */; };
		145778D127C0E90B00C3A9D9 /* SessionManager.swift in Sources */ = {isa = PBXBuildFile; fileRef = 1460A65327BEA31500BAA9AD /* SessionManager.swift */; };
		145778D227C0E90B00C3A9D9 /* RootAPI.swift in Sources */ = {isa = PBXBuildFile; fileRef = 1460A65227BEA31500BAA9AD /* RootAPI.swift */; };
		145778D327C0E90B00C3A9D9 /* APIUtils.swift in Sources */ = {isa = PBXBuildFile; fileRef = 1460A65427BEA31500BAA9AD /* APIUtils.swift */; };
		145778D427C0E90B00C3A9D9 /* APIError.swift in Sources */ = {isa = PBXBuildFile; fileRef = 1460A65127BEA31500BAA9AD /* APIError.swift */; };
		145778D627C0E97000C3A9D9 /* YelpFusionServices.swift in Sources */ = {isa = PBXBuildFile; fileRef = 145778D527C0E97000C3A9D9 /* YelpFusionServices.swift */; };
		145778D827C0EB7000C3A9D9 /* Box.swift in Sources */ = {isa = PBXBuildFile; fileRef = 145778D727C0EB6C00C3A9D9 /* Box.swift */; };
		145778DD27C100AF00C3A9D9 /* BusinessDetailCoordinator.swift in Sources */ = {isa = PBXBuildFile; fileRef = 145778DC27C1007D00C3A9D9 /* BusinessDetailCoordinator.swift */; };
		145778DE27C100B400C3A9D9 /* BusinessListCoordinator.swift in Sources */ = {isa = PBXBuildFile; fileRef = 145778DB27C1007D00C3A9D9 /* BusinessListCoordinator.swift */; };
		145778DF27C100B400C3A9D9 /* Coordinator.swift in Sources */ = {isa = PBXBuildFile; fileRef = 145778D927C1004000C3A9D9 /* Coordinator.swift */; };
		145778E027C100B400C3A9D9 /* ApplicationCoordinator.swift in Sources */ = {isa = PBXBuildFile; fileRef = 145778DA27C1006A00C3A9D9 /* ApplicationCoordinator.swift */; };
		145778E527C1013500C3A9D9 /* BusinessListViewController.swift in Sources */ = {isa = PBXBuildFile; fileRef = 145778E427C1013500C3A9D9 /* BusinessListViewController.swift */; };
		145778E727C101DB00C3A9D9 /* BusinessDetailViewController.swift in Sources */ = {isa = PBXBuildFile; fileRef = 145778E627C101DB00C3A9D9 /* BusinessDetailViewController.swift */; };
		145778E927C1034800C3A9D9 /* BusinessListViewModel.swift in Sources */ = {isa = PBXBuildFile; fileRef = 145778E827C1034800C3A9D9 /* BusinessListViewModel.swift */; };
		145778EB27C1086400C3A9D9 /* BusinessListAdapter.swift in Sources */ = {isa = PBXBuildFile; fileRef = 145778EA27C1086400C3A9D9 /* BusinessListAdapter.swift */; };
		145778EC27C1088800C3A9D9 /* UIColorUtils.swift in Sources */ = {isa = PBXBuildFile; fileRef = 1460A64D27BEA2BA00BAA9AD /* UIColorUtils.swift */; };
		145778ED27C1088800C3A9D9 /* UIViewUtils.swift in Sources */ = {isa = PBXBuildFile; fileRef = 1460A64E27BEA2BA00BAA9AD /* UIViewUtils.swift */; };
		145778EE27C1088800C3A9D9 /* UIColorScheme.plist in Resources */ = {isa = PBXBuildFile; fileRef = 1460A64C27BEA2B900BAA9AD /* UIColorScheme.plist */; };
		145778F027C108F000C3A9D9 /* BusinessListCell.swift in Sources */ = {isa = PBXBuildFile; fileRef = 145778EF27C108F000C3A9D9 /* BusinessListCell.swift */; };
		1460A60427BE99F900BAA9AD /* AppDelegate.swift in Sources */ = {isa = PBXBuildFile; fileRef = 1460A60327BE99F900BAA9AD /* AppDelegate.swift */; };
		1460A60627BE99F900BAA9AD /* SceneDelegate.swift in Sources */ = {isa = PBXBuildFile; fileRef = 1460A60527BE99F900BAA9AD /* SceneDelegate.swift */; };
		1460A60827BE99F900BAA9AD /* ViewController.swift in Sources */ = {isa = PBXBuildFile; fileRef = 1460A60727BE99F900BAA9AD /* ViewController.swift */; };
		1460A60B27BE99F900BAA9AD /* Main.storyboard in Resources */ = {isa = PBXBuildFile; fileRef = 1460A60927BE99F900BAA9AD /* Main.storyboard */; };
		1460A60E27BE99F900BAA9AD /* AllBusiness.xcdatamodeld in Sources */ = {isa = PBXBuildFile; fileRef = 1460A60C27BE99F900BAA9AD /* AllBusiness.xcdatamodeld */; };
		1460A61027BE99FB00BAA9AD /* Assets.xcassets in Resources */ = {isa = PBXBuildFile; fileRef = 1460A60F27BE99FB00BAA9AD /* Assets.xcassets */; };
		1460A61327BE99FB00BAA9AD /* LaunchScreen.storyboard in Resources */ = {isa = PBXBuildFile; fileRef = 1460A61127BE99FB00BAA9AD /* LaunchScreen.storyboard */; };
		1460A61E27BE99FC00BAA9AD /* AllBusinessTests.swift in Sources */ = {isa = PBXBuildFile; fileRef = 1460A61D27BE99FC00BAA9AD /* AllBusinessTests.swift */; };
		1460A62827BE99FC00BAA9AD /* AllBusinessUITests.swift in Sources */ = {isa = PBXBuildFile; fileRef = 1460A62727BE99FC00BAA9AD /* AllBusinessUITests.swift */; };
		1460A62A27BE99FC00BAA9AD /* AllBusinessUITestsLaunchTests.swift in Sources */ = {isa = PBXBuildFile; fileRef = 1460A62927BE99FC00BAA9AD /* AllBusinessUITestsLaunchTests.swift */; };
		1460A63D27BE9C6300BAA9AD /* BusinessResponse.swift in Sources */ = {isa = PBXBuildFile; fileRef = 1460A63C27BE9C6300BAA9AD /* BusinessResponse.swift */; };
		1460A64127BE9C9A00BAA9AD /* Business.swift in Sources */ = {isa = PBXBuildFile; fileRef = 1460A64027BE9C9A00BAA9AD /* Business.swift */; };
		1460A64327BE9CB000BAA9AD /* Category.swift in Sources */ = {isa = PBXBuildFile; fileRef = 1460A64227BE9CB000BAA9AD /* Category.swift */; };
		1460A64527BE9CBE00BAA9AD /* Center.swift in Sources */ = {isa = PBXBuildFile; fileRef = 1460A64427BE9CBE00BAA9AD /* Center.swift */; };
		1460A64727BE9CD500BAA9AD /* Location.swift in Sources */ = {isa = PBXBuildFile; fileRef = 1460A64627BE9CD500BAA9AD /* Location.swift */; };
		1460A64927BE9CED00BAA9AD /* Region.swift in Sources */ = {isa = PBXBuildFile; fileRef = 1460A64827BE9CED00BAA9AD /* Region.swift */; };
		2F32950DF0F0BD3A99BC8744 /* Pods_AllBusiness_AllBusinessUITests.framework in Frameworks */ = {isa = PBXBuildFile; fileRef = 715F2083331D92A69A966272 /* Pods_AllBusiness_AllBusinessUITests.framework */; };
		302BA0E7030FF5888C379310 /* Pods_AllBusiness.framework in Frameworks */ = {isa = PBXBuildFile; fileRef = A3780E3816998AB411391E3D /* Pods_AllBusiness.framework */; };
		594F6B44435C91F1423B15B2 /* Pods_AllBusinessTests.framework in Frameworks */ = {isa = PBXBuildFile; fileRef = 21D5F1228ACAC9B1DA7F68AB /* Pods_AllBusinessTests.framework */; };
/* End PBXBuildFile section */

/* Begin PBXContainerItemProxy section */
		1460A61A27BE99FC00BAA9AD /* PBXContainerItemProxy */ = {
			isa = PBXContainerItemProxy;
			containerPortal = 1460A5F827BE99F900BAA9AD /* Project object */;
			proxyType = 1;
			remoteGlobalIDString = 1460A5FF27BE99F900BAA9AD;
			remoteInfo = AllBusiness;
		};
		1460A62427BE99FC00BAA9AD /* PBXContainerItemProxy */ = {
			isa = PBXContainerItemProxy;
			containerPortal = 1460A5F827BE99F900BAA9AD /* Project object */;
			proxyType = 1;
			remoteGlobalIDString = 1460A5FF27BE99F900BAA9AD;
			remoteInfo = AllBusiness;
		};
/* End PBXContainerItemProxy section */

/* Begin PBXFileReference section */
		0F19F84163C531D63B8768C5 /* Pods-AllBusiness.debug.xcconfig */ = {isa = PBXFileReference; includeInIndex = 1; lastKnownFileType = text.xcconfig; name = "Pods-AllBusiness.debug.xcconfig"; path = "Target Support Files/Pods-AllBusiness/Pods-AllBusiness.debug.xcconfig"; sourceTree = "<group>"; };
		14354D3A27C0ADF10066AC11 /* LocationServices.swift */ = {isa = PBXFileReference; lastKnownFileType = sourcecode.swift; path = LocationServices.swift; sourceTree = "<group>"; };
		145778CF27C0E51F00C3A9D9 /* BusinessListAPI.swift */ = {isa = PBXFileReference; lastKnownFileType = sourcecode.swift; path = BusinessListAPI.swift; sourceTree = "<group>"; };
		145778D527C0E97000C3A9D9 /* YelpFusionServices.swift */ = {isa = PBXFileReference; lastKnownFileType = sourcecode.swift; path = YelpFusionServices.swift; sourceTree = "<group>"; };
		145778D727C0EB6C00C3A9D9 /* Box.swift */ = {isa = PBXFileReference; lastKnownFileType = sourcecode.swift; path = Box.swift; sourceTree = "<group>"; };
		145778D927C1004000C3A9D9 /* Coordinator.swift */ = {isa = PBXFileReference; lastKnownFileType = sourcecode.swift; path = Coordinator.swift; sourceTree = "<group>"; };
		145778DA27C1006A00C3A9D9 /* ApplicationCoordinator.swift */ = {isa = PBXFileReference; lastKnownFileType = sourcecode.swift; path = ApplicationCoordinator.swift; sourceTree = "<group>"; };
		145778DB27C1007D00C3A9D9 /* BusinessListCoordinator.swift */ = {isa = PBXFileReference; lastKnownFileType = sourcecode.swift; path = BusinessListCoordinator.swift; sourceTree = "<group>"; };
		145778DC27C1007D00C3A9D9 /* BusinessDetailCoordinator.swift */ = {isa = PBXFileReference; lastKnownFileType = sourcecode.swift; path = BusinessDetailCoordinator.swift; sourceTree = "<group>"; };
		145778E427C1013500C3A9D9 /* BusinessListViewController.swift */ = {isa = PBXFileReference; lastKnownFileType = sourcecode.swift; path = BusinessListViewController.swift; sourceTree = "<group>"; };
		145778E627C101DB00C3A9D9 /* BusinessDetailViewController.swift */ = {isa = PBXFileReference; lastKnownFileType = sourcecode.swift; path = BusinessDetailViewController.swift; sourceTree = "<group>"; };
		145778E827C1034800C3A9D9 /* BusinessListViewModel.swift */ = {isa = PBXFileReference; lastKnownFileType = sourcecode.swift; path = BusinessListViewModel.swift; sourceTree = "<group>"; };
		145778EA27C1086400C3A9D9 /* BusinessListAdapter.swift */ = {isa = PBXFileReference; lastKnownFileType = sourcecode.swift; path = BusinessListAdapter.swift; sourceTree = "<group>"; };
		145778EF27C108F000C3A9D9 /* BusinessListCell.swift */ = {isa = PBXFileReference; lastKnownFileType = sourcecode.swift; path = BusinessListCell.swift; sourceTree = "<group>"; };
		1460A60027BE99F900BAA9AD /* AllBusiness.app */ = {isa = PBXFileReference; explicitFileType = wrapper.application; includeInIndex = 0; path = AllBusiness.app; sourceTree = BUILT_PRODUCTS_DIR; };
		1460A60327BE99F900BAA9AD /* AppDelegate.swift */ = {isa = PBXFileReference; lastKnownFileType = sourcecode.swift; path = AppDelegate.swift; sourceTree = "<group>"; };
		1460A60527BE99F900BAA9AD /* SceneDelegate.swift */ = {isa = PBXFileReference; lastKnownFileType = sourcecode.swift; path = SceneDelegate.swift; sourceTree = "<group>"; };
		1460A60727BE99F900BAA9AD /* ViewController.swift */ = {isa = PBXFileReference; lastKnownFileType = sourcecode.swift; path = ViewController.swift; sourceTree = "<group>"; };
		1460A60A27BE99F900BAA9AD /* Base */ = {isa = PBXFileReference; lastKnownFileType = file.storyboard; name = Base; path = Base.lproj/Main.storyboard; sourceTree = "<group>"; };
		1460A60D27BE99F900BAA9AD /* AllBusiness.xcdatamodel */ = {isa = PBXFileReference; lastKnownFileType = wrapper.xcdatamodel; path = AllBusiness.xcdatamodel; sourceTree = "<group>"; };
		1460A60F27BE99FB00BAA9AD /* Assets.xcassets */ = {isa = PBXFileReference; lastKnownFileType = folder.assetcatalog; path = Assets.xcassets; sourceTree = "<group>"; };
		1460A61227BE99FB00BAA9AD /* Base */ = {isa = PBXFileReference; lastKnownFileType = file.storyboard; name = Base; path = Base.lproj/LaunchScreen.storyboard; sourceTree = "<group>"; };
		1460A61427BE99FB00BAA9AD /* Info.plist */ = {isa = PBXFileReference; lastKnownFileType = text.plist.xml; path = Info.plist; sourceTree = "<group>"; };
		1460A61927BE99FC00BAA9AD /* AllBusinessTests.xctest */ = {isa = PBXFileReference; explicitFileType = wrapper.cfbundle; includeInIndex = 0; path = AllBusinessTests.xctest; sourceTree = BUILT_PRODUCTS_DIR; };
		1460A61D27BE99FC00BAA9AD /* AllBusinessTests.swift */ = {isa = PBXFileReference; lastKnownFileType = sourcecode.swift; path = AllBusinessTests.swift; sourceTree = "<group>"; };
		1460A62327BE99FC00BAA9AD /* AllBusinessUITests.xctest */ = {isa = PBXFileReference; explicitFileType = wrapper.cfbundle; includeInIndex = 0; path = AllBusinessUITests.xctest; sourceTree = BUILT_PRODUCTS_DIR; };
		1460A62727BE99FC00BAA9AD /* AllBusinessUITests.swift */ = {isa = PBXFileReference; lastKnownFileType = sourcecode.swift; path = AllBusinessUITests.swift; sourceTree = "<group>"; };
		1460A62927BE99FC00BAA9AD /* AllBusinessUITestsLaunchTests.swift */ = {isa = PBXFileReference; lastKnownFileType = sourcecode.swift; path = AllBusinessUITestsLaunchTests.swift; sourceTree = "<group>"; };
		1460A63C27BE9C6300BAA9AD /* BusinessResponse.swift */ = {isa = PBXFileReference; lastKnownFileType = sourcecode.swift; path = BusinessResponse.swift; sourceTree = "<group>"; };
		1460A64027BE9C9A00BAA9AD /* Business.swift */ = {isa = PBXFileReference; lastKnownFileType = sourcecode.swift; path = Business.swift; sourceTree = "<group>"; };
		1460A64227BE9CB000BAA9AD /* Category.swift */ = {isa = PBXFileReference; lastKnownFileType = sourcecode.swift; path = Category.swift; sourceTree = "<group>"; };
		1460A64427BE9CBE00BAA9AD /* Center.swift */ = {isa = PBXFileReference; lastKnownFileType = sourcecode.swift; path = Center.swift; sourceTree = "<group>"; };
		1460A64627BE9CD500BAA9AD /* Location.swift */ = {isa = PBXFileReference; lastKnownFileType = sourcecode.swift; path = Location.swift; sourceTree = "<group>"; };
		1460A64827BE9CED00BAA9AD /* Region.swift */ = {isa = PBXFileReference; lastKnownFileType = sourcecode.swift; path = Region.swift; sourceTree = "<group>"; };
		1460A64C27BEA2B900BAA9AD /* UIColorScheme.plist */ = {isa = PBXFileReference; lastKnownFileType = text.plist.xml; path = UIColorScheme.plist; sourceTree = "<group>"; };
		1460A64D27BEA2BA00BAA9AD /* UIColorUtils.swift */ = {isa = PBXFileReference; lastKnownFileType = sourcecode.swift; path = UIColorUtils.swift; sourceTree = "<group>"; };
		1460A64E27BEA2BA00BAA9AD /* UIViewUtils.swift */ = {isa = PBXFileReference; lastKnownFileType = sourcecode.swift; path = UIViewUtils.swift; sourceTree = "<group>"; };
		1460A65127BEA31500BAA9AD /* APIError.swift */ = {isa = PBXFileReference; lastKnownFileType = sourcecode.swift; path = APIError.swift; sourceTree = "<group>"; };
		1460A65227BEA31500BAA9AD /* RootAPI.swift */ = {isa = PBXFileReference; lastKnownFileType = sourcecode.swift; path = RootAPI.swift; sourceTree = "<group>"; };
		1460A65327BEA31500BAA9AD /* SessionManager.swift */ = {isa = PBXFileReference; lastKnownFileType = sourcecode.swift; path = SessionManager.swift; sourceTree = "<group>"; };
		1460A65427BEA31500BAA9AD /* APIUtils.swift */ = {isa = PBXFileReference; lastKnownFileType = sourcecode.swift; path = APIUtils.swift; sourceTree = "<group>"; };
		21D5F1228ACAC9B1DA7F68AB /* Pods_AllBusinessTests.framework */ = {isa = PBXFileReference; explicitFileType = wrapper.framework; includeInIndex = 0; path = Pods_AllBusinessTests.framework; sourceTree = BUILT_PRODUCTS_DIR; };
		56388354582F05278C15759B /* Pods-AllBusiness.release.xcconfig */ = {isa = PBXFileReference; includeInIndex = 1; lastKnownFileType = text.xcconfig; name = "Pods-AllBusiness.release.xcconfig"; path = "Target Support Files/Pods-AllBusiness/Pods-AllBusiness.release.xcconfig"; sourceTree = "<group>"; };
		715F2083331D92A69A966272 /* Pods_AllBusiness_AllBusinessUITests.framework */ = {isa = PBXFileReference; explicitFileType = wrapper.framework; includeInIndex = 0; path = Pods_AllBusiness_AllBusinessUITests.framework; sourceTree = BUILT_PRODUCTS_DIR; };
		7CC6BC0ACD1661D655624F24 /* Pods-AllBusinessTests.debug.xcconfig */ = {isa = PBXFileReference; includeInIndex = 1; lastKnownFileType = text.xcconfig; name = "Pods-AllBusinessTests.debug.xcconfig"; path = "Target Support Files/Pods-AllBusinessTests/Pods-AllBusinessTests.debug.xcconfig"; sourceTree = "<group>"; };
		A0856ED10086824F90690085 /* Pods-AllBusinessTests.release.xcconfig */ = {isa = PBXFileReference; includeInIndex = 1; lastKnownFileType = text.xcconfig; name = "Pods-AllBusinessTests.release.xcconfig"; path = "Target Support Files/Pods-AllBusinessTests/Pods-AllBusinessTests.release.xcconfig"; sourceTree = "<group>"; };
		A3780E3816998AB411391E3D /* Pods_AllBusiness.framework */ = {isa = PBXFileReference; explicitFileType = wrapper.framework; includeInIndex = 0; path = Pods_AllBusiness.framework; sourceTree = BUILT_PRODUCTS_DIR; };
		B7073F94485038C60DBF5375 /* Pods-AllBusiness-AllBusinessUITests.release.xcconfig */ = {isa = PBXFileReference; includeInIndex = 1; lastKnownFileType = text.xcconfig; name = "Pods-AllBusiness-AllBusinessUITests.release.xcconfig"; path = "Target Support Files/Pods-AllBusiness-AllBusinessUITests/Pods-AllBusiness-AllBusinessUITests.release.xcconfig"; sourceTree = "<group>"; };
		D2FAC1A184EE9617DEC35413 /* Pods-AllBusiness-AllBusinessUITests.debug.xcconfig */ = {isa = PBXFileReference; includeInIndex = 1; lastKnownFileType = text.xcconfig; name = "Pods-AllBusiness-AllBusinessUITests.debug.xcconfig"; path = "Target Support Files/Pods-AllBusiness-AllBusinessUITests/Pods-AllBusiness-AllBusinessUITests.debug.xcconfig"; sourceTree = "<group>"; };
/* End PBXFileReference section */

/* Begin PBXFrameworksBuildPhase section */
		1460A5FD27BE99F900BAA9AD /* Frameworks */ = {
			isa = PBXFrameworksBuildPhase;
			buildActionMask = 2147483647;
			files = (
				302BA0E7030FF5888C379310 /* Pods_AllBusiness.framework in Frameworks */,
			);
			runOnlyForDeploymentPostprocessing = 0;
		};
		1460A61627BE99FC00BAA9AD /* Frameworks */ = {
			isa = PBXFrameworksBuildPhase;
			buildActionMask = 2147483647;
			files = (
				594F6B44435C91F1423B15B2 /* Pods_AllBusinessTests.framework in Frameworks */,
			);
			runOnlyForDeploymentPostprocessing = 0;
		};
		1460A62027BE99FC00BAA9AD /* Frameworks */ = {
			isa = PBXFrameworksBuildPhase;
			buildActionMask = 2147483647;
			files = (
				2F32950DF0F0BD3A99BC8744 /* Pods_AllBusiness_AllBusinessUITests.framework in Frameworks */,
			);
			runOnlyForDeploymentPostprocessing = 0;
		};
/* End PBXFrameworksBuildPhase section */

/* Begin PBXGroup section */
		145778E127C100BF00C3A9D9 /* List */ = {
			isa = PBXGroup;
			children = (
				145778E427C1013500C3A9D9 /* BusinessListViewController.swift */,
				145778EA27C1086400C3A9D9 /* BusinessListAdapter.swift */,
				145778EF27C108F000C3A9D9 /* BusinessListCell.swift */,
			);
			path = List;
			sourceTree = "<group>";
		};
		145778E227C100C600C3A9D9 /* Detail */ = {
			isa = PBXGroup;
			children = (
				145778E627C101DB00C3A9D9 /* BusinessDetailViewController.swift */,
			);
			path = Detail;
			sourceTree = "<group>";
		};
		145778E327C100D700C3A9D9 /* Filter */ = {
			isa = PBXGroup;
			children = (
			);
			path = Filter;
			sourceTree = "<group>";
		};
		1460A5F727BE99F900BAA9AD = {
			isa = PBXGroup;
			children = (
				1460A60227BE99F900BAA9AD /* AllBusiness */,
				1460A61C27BE99FC00BAA9AD /* AllBusinessTests */,
				1460A62627BE99FC00BAA9AD /* AllBusinessUITests */,
				1460A60127BE99F900BAA9AD /* Products */,
				228F22FDD3B086276C35F6AA /* Pods */,
				D608AD5511D6B84FD34EF3B3 /* Frameworks */,
			);
			sourceTree = "<group>";
		};
		1460A60127BE99F900BAA9AD /* Products */ = {
			isa = PBXGroup;
			children = (
				1460A60027BE99F900BAA9AD /* AllBusiness.app */,
				1460A61927BE99FC00BAA9AD /* AllBusinessTests.xctest */,
				1460A62327BE99FC00BAA9AD /* AllBusinessUITests.xctest */,
			);
			name = Products;
			sourceTree = "<group>";
		};
		1460A60227BE99F900BAA9AD /* AllBusiness */ = {
			isa = PBXGroup;
			children = (
				1460A63627BE9B4D00BAA9AD /* Coordinator */,
				1460A63727BE9B5600BAA9AD /* Data */,
				1460A63827BE9B5E00BAA9AD /* Utils */,
				1460A63927BE9B6900BAA9AD /* View Models */,
				1460A63A27BE9B7B00BAA9AD /* Views */,
				1460A60327BE99F900BAA9AD /* AppDelegate.swift */,
				1460A60527BE99F900BAA9AD /* SceneDelegate.swift */,
				1460A60727BE99F900BAA9AD /* ViewController.swift */,
				1460A60927BE99F900BAA9AD /* Main.storyboard */,
				1460A60F27BE99FB00BAA9AD /* Assets.xcassets */,
				1460A61127BE99FB00BAA9AD /* LaunchScreen.storyboard */,
				1460A61427BE99FB00BAA9AD /* Info.plist */,
				1460A60C27BE99F900BAA9AD /* AllBusiness.xcdatamodeld */,
			);
			path = AllBusiness;
			sourceTree = "<group>";
		};
		1460A61C27BE99FC00BAA9AD /* AllBusinessTests */ = {
			isa = PBXGroup;
			children = (
				1460A61D27BE99FC00BAA9AD /* AllBusinessTests.swift */,
			);
			path = AllBusinessTests;
			sourceTree = "<group>";
		};
		1460A62627BE99FC00BAA9AD /* AllBusinessUITests */ = {
			isa = PBXGroup;
			children = (
				1460A62727BE99FC00BAA9AD /* AllBusinessUITests.swift */,
				1460A62927BE99FC00BAA9AD /* AllBusinessUITestsLaunchTests.swift */,
			);
			path = AllBusinessUITests;
			sourceTree = "<group>";
		};
		1460A63627BE9B4D00BAA9AD /* Coordinator */ = {
			isa = PBXGroup;
			children = (
				145778D927C1004000C3A9D9 /* Coordinator.swift */,
				145778DA27C1006A00C3A9D9 /* ApplicationCoordinator.swift */,
				145778DB27C1007D00C3A9D9 /* BusinessListCoordinator.swift */,
				145778DC27C1007D00C3A9D9 /* BusinessDetailCoordinator.swift */,
			);
			path = Coordinator;
			sourceTree = "<group>";
		};
		1460A63727BE9B5600BAA9AD /* Data */ = {
			isa = PBXGroup;
			children = (
				1460A64F27BEA31500BAA9AD /* API */,
				1460A64B27BEA16E00BAA9AD /* Services */,
				1460A63B27BE9B9000BAA9AD /* Models */,
			);
			path = Data;
			sourceTree = "<group>";
		};
		1460A63827BE9B5E00BAA9AD /* Utils */ = {
			isa = PBXGroup;
			children = (
				1460A64C27BEA2B900BAA9AD /* UIColorScheme.plist */,
				1460A64D27BEA2BA00BAA9AD /* UIColorUtils.swift */,
				1460A64E27BEA2BA00BAA9AD /* UIViewUtils.swift */,
			);
			path = Utils;
			sourceTree = "<group>";
		};
		1460A63927BE9B6900BAA9AD /* View Models */ = {
			isa = PBXGroup;
			children = (
				145778E827C1034800C3A9D9 /* BusinessListViewModel.swift */,
				145778D727C0EB6C00C3A9D9 /* Box.swift */,
			);
			path = "View Models";
			sourceTree = "<group>";
		};
		1460A63A27BE9B7B00BAA9AD /* Views */ = {
			isa = PBXGroup;
			children = (
				145778E327C100D700C3A9D9 /* Filter */,
				145778E127C100BF00C3A9D9 /* List */,
				145778E227C100C600C3A9D9 /* Detail */,
			);
			path = Views;
			sourceTree = "<group>";
		};
		1460A63B27BE9B9000BAA9AD /* Models */ = {
			isa = PBXGroup;
			children = (
				1460A64027BE9C9A00BAA9AD /* Business.swift */,
				1460A63C27BE9C6300BAA9AD /* BusinessResponse.swift */,
				1460A64227BE9CB000BAA9AD /* Category.swift */,
				1460A64427BE9CBE00BAA9AD /* Center.swift */,
				1460A64627BE9CD500BAA9AD /* Location.swift */,
				1460A64827BE9CED00BAA9AD /* Region.swift */,
			);
			path = Models;
			sourceTree = "<group>";
		};
		1460A64B27BEA16E00BAA9AD /* Services */ = {
			isa = PBXGroup;
			children = (
				14354D3A27C0ADF10066AC11 /* LocationServices.swift */,
				145778D527C0E97000C3A9D9 /* YelpFusionServices.swift */,
			);
			path = Services;
			sourceTree = "<group>";
		};
		1460A64F27BEA31500BAA9AD /* API */ = {
			isa = PBXGroup;
			children = (
				1460A65527BEA31500BAA9AD /* Base */,
				145778CF27C0E51F00C3A9D9 /* BusinessListAPI.swift */,
			);
			path = API;
			sourceTree = "<group>";
		};
		1460A65527BEA31500BAA9AD /* Base */ = {
			isa = PBXGroup;
			children = (
				1460A65127BEA31500BAA9AD /* APIError.swift */,
				1460A65427BEA31500BAA9AD /* APIUtils.swift */,
				1460A65227BEA31500BAA9AD /* RootAPI.swift */,
				1460A65327BEA31500BAA9AD /* SessionManager.swift */,
			);
			path = Base;
			sourceTree = "<group>";
		};
		228F22FDD3B086276C35F6AA /* Pods */ = {
			isa = PBXGroup;
			children = (
				0F19F84163C531D63B8768C5 /* Pods-AllBusiness.debug.xcconfig */,
				56388354582F05278C15759B /* Pods-AllBusiness.release.xcconfig */,
				D2FAC1A184EE9617DEC35413 /* Pods-AllBusiness-AllBusinessUITests.debug.xcconfig */,
				B7073F94485038C60DBF5375 /* Pods-AllBusiness-AllBusinessUITests.release.xcconfig */,
				7CC6BC0ACD1661D655624F24 /* Pods-AllBusinessTests.debug.xcconfig */,
				A0856ED10086824F90690085 /* Pods-AllBusinessTests.release.xcconfig */,
			);
			path = Pods;
			sourceTree = "<group>";
		};
		D608AD5511D6B84FD34EF3B3 /* Frameworks */ = {
			isa = PBXGroup;
			children = (
				A3780E3816998AB411391E3D /* Pods_AllBusiness.framework */,
				715F2083331D92A69A966272 /* Pods_AllBusiness_AllBusinessUITests.framework */,
				21D5F1228ACAC9B1DA7F68AB /* Pods_AllBusinessTests.framework */,
			);
			name = Frameworks;
			sourceTree = "<group>";
		};
/* End PBXGroup section */

/* Begin PBXNativeTarget section */
		1460A5FF27BE99F900BAA9AD /* AllBusiness */ = {
			isa = PBXNativeTarget;
			buildConfigurationList = 1460A62D27BE99FC00BAA9AD /* Build configuration list for PBXNativeTarget "AllBusiness" */;
			buildPhases = (
				370CE846FFCAB91DBF3A2012 /* [CP] Check Pods Manifest.lock */,
				1460A5FC27BE99F900BAA9AD /* Sources */,
				1460A5FD27BE99F900BAA9AD /* Frameworks */,
				1460A5FE27BE99F900BAA9AD /* Resources */,
				ECF1200AD33EE4ADAFB426E1 /* [CP] Embed Pods Frameworks */,
			);
			buildRules = (
			);
			dependencies = (
			);
			name = AllBusiness;
			productName = AllBusiness;
			productReference = 1460A60027BE99F900BAA9AD /* AllBusiness.app */;
			productType = "com.apple.product-type.application";
		};
		1460A61827BE99FC00BAA9AD /* AllBusinessTests */ = {
			isa = PBXNativeTarget;
			buildConfigurationList = 1460A63027BE99FC00BAA9AD /* Build configuration list for PBXNativeTarget "AllBusinessTests" */;
			buildPhases = (
				5FC53D0C9EDB59707CDEDBD8 /* [CP] Check Pods Manifest.lock */,
				1460A61527BE99FC00BAA9AD /* Sources */,
				1460A61627BE99FC00BAA9AD /* Frameworks */,
				1460A61727BE99FC00BAA9AD /* Resources */,
			);
			buildRules = (
			);
			dependencies = (
				1460A61B27BE99FC00BAA9AD /* PBXTargetDependency */,
			);
			name = AllBusinessTests;
			productName = AllBusinessTests;
			productReference = 1460A61927BE99FC00BAA9AD /* AllBusinessTests.xctest */;
			productType = "com.apple.product-type.bundle.unit-test";
		};
		1460A62227BE99FC00BAA9AD /* AllBusinessUITests */ = {
			isa = PBXNativeTarget;
			buildConfigurationList = 1460A63327BE99FC00BAA9AD /* Build configuration list for PBXNativeTarget "AllBusinessUITests" */;
			buildPhases = (
				73D845713EA73AC5DB18EA96 /* [CP] Check Pods Manifest.lock */,
				1460A61F27BE99FC00BAA9AD /* Sources */,
				1460A62027BE99FC00BAA9AD /* Frameworks */,
				1460A62127BE99FC00BAA9AD /* Resources */,
				BA7022399594B8128A75F089 /* [CP] Embed Pods Frameworks */,
			);
			buildRules = (
			);
			dependencies = (
				1460A62527BE99FC00BAA9AD /* PBXTargetDependency */,
			);
			name = AllBusinessUITests;
			productName = AllBusinessUITests;
			productReference = 1460A62327BE99FC00BAA9AD /* AllBusinessUITests.xctest */;
			productType = "com.apple.product-type.bundle.ui-testing";
		};
/* End PBXNativeTarget section */

/* Begin PBXProject section */
		1460A5F827BE99F900BAA9AD /* Project object */ = {
			isa = PBXProject;
			attributes = {
				BuildIndependentTargetsInParallel = 1;
				LastSwiftUpdateCheck = 1320;
				LastUpgradeCheck = 1320;
				TargetAttributes = {
					1460A5FF27BE99F900BAA9AD = {
						CreatedOnToolsVersion = 13.2.1;
					};
					1460A61827BE99FC00BAA9AD = {
						CreatedOnToolsVersion = 13.2.1;
						TestTargetID = 1460A5FF27BE99F900BAA9AD;
					};
					1460A62227BE99FC00BAA9AD = {
						CreatedOnToolsVersion = 13.2.1;
						TestTargetID = 1460A5FF27BE99F900BAA9AD;
					};
				};
			};
			buildConfigurationList = 1460A5FB27BE99F900BAA9AD /* Build configuration list for PBXProject "AllBusiness" */;
			compatibilityVersion = "Xcode 13.0";
			developmentRegion = en;
			hasScannedForEncodings = 0;
			knownRegions = (
				en,
				Base,
			);
			mainGroup = 1460A5F727BE99F900BAA9AD;
			productRefGroup = 1460A60127BE99F900BAA9AD /* Products */;
			projectDirPath = "";
			projectRoot = "";
			targets = (
				1460A5FF27BE99F900BAA9AD /* AllBusiness */,
				1460A61827BE99FC00BAA9AD /* AllBusinessTests */,
				1460A62227BE99FC00BAA9AD /* AllBusinessUITests */,
			);
		};
/* End PBXProject section */

/* Begin PBXResourcesBuildPhase section */
		1460A5FE27BE99F900BAA9AD /* Resources */ = {
			isa = PBXResourcesBuildPhase;
			buildActionMask = 2147483647;
			files = (
				1460A61327BE99FB00BAA9AD /* LaunchScreen.storyboard in Resources */,
				1460A61027BE99FB00BAA9AD /* Assets.xcassets in Resources */,
				1460A60B27BE99F900BAA9AD /* Main.storyboard in Resources */,
				145778EE27C1088800C3A9D9 /* UIColorScheme.plist in Resources */,
			);
			runOnlyForDeploymentPostprocessing = 0;
		};
		1460A61727BE99FC00BAA9AD /* Resources */ = {
			isa = PBXResourcesBuildPhase;
			buildActionMask = 2147483647;
			files = (
			);
			runOnlyForDeploymentPostprocessing = 0;
		};
		1460A62127BE99FC00BAA9AD /* Resources */ = {
			isa = PBXResourcesBuildPhase;
			buildActionMask = 2147483647;
			files = (
			);
			runOnlyForDeploymentPostprocessing = 0;
		};
/* End PBXResourcesBuildPhase section */

/* Begin PBXShellScriptBuildPhase section */
		370CE846FFCAB91DBF3A2012 /* [CP] Check Pods Manifest.lock */ = {
			isa = PBXShellScriptBuildPhase;
			buildActionMask = 2147483647;
			files = (
			);
			inputFileListPaths = (
			);
			inputPaths = (
				"${PODS_PODFILE_DIR_PATH}/Podfile.lock",
				"${PODS_ROOT}/Manifest.lock",
			);
			name = "[CP] Check Pods Manifest.lock";
			outputFileListPaths = (
			);
			outputPaths = (
				"$(DERIVED_FILE_DIR)/Pods-AllBusiness-checkManifestLockResult.txt",
			);
			runOnlyForDeploymentPostprocessing = 0;
			shellPath = /bin/sh;
			shellScript = "diff \"${PODS_PODFILE_DIR_PATH}/Podfile.lock\" \"${PODS_ROOT}/Manifest.lock\" > /dev/null\nif [ $? != 0 ] ; then\n    # print error to STDERR\n    echo \"error: The sandbox is not in sync with the Podfile.lock. Run 'pod install' or update your CocoaPods installation.\" >&2\n    exit 1\nfi\n# This output is used by Xcode 'outputs' to avoid re-running this script phase.\necho \"SUCCESS\" > \"${SCRIPT_OUTPUT_FILE_0}\"\n";
			showEnvVarsInLog = 0;
		};
		5FC53D0C9EDB59707CDEDBD8 /* [CP] Check Pods Manifest.lock */ = {
			isa = PBXShellScriptBuildPhase;
			buildActionMask = 2147483647;
			files = (
			);
			inputFileListPaths = (
			);
			inputPaths = (
				"${PODS_PODFILE_DIR_PATH}/Podfile.lock",
				"${PODS_ROOT}/Manifest.lock",
			);
			name = "[CP] Check Pods Manifest.lock";
			outputFileListPaths = (
			);
			outputPaths = (
				"$(DERIVED_FILE_DIR)/Pods-AllBusinessTests-checkManifestLockResult.txt",
			);
			runOnlyForDeploymentPostprocessing = 0;
			shellPath = /bin/sh;
			shellScript = "diff \"${PODS_PODFILE_DIR_PATH}/Podfile.lock\" \"${PODS_ROOT}/Manifest.lock\" > /dev/null\nif [ $? != 0 ] ; then\n    # print error to STDERR\n    echo \"error: The sandbox is not in sync with the Podfile.lock. Run 'pod install' or update your CocoaPods installation.\" >&2\n    exit 1\nfi\n# This output is used by Xcode 'outputs' to avoid re-running this script phase.\necho \"SUCCESS\" > \"${SCRIPT_OUTPUT_FILE_0}\"\n";
			showEnvVarsInLog = 0;
		};
		73D845713EA73AC5DB18EA96 /* [CP] Check Pods Manifest.lock */ = {
			isa = PBXShellScriptBuildPhase;
			buildActionMask = 2147483647;
			files = (
			);
			inputFileListPaths = (
			);
			inputPaths = (
				"${PODS_PODFILE_DIR_PATH}/Podfile.lock",
				"${PODS_ROOT}/Manifest.lock",
			);
			name = "[CP] Check Pods Manifest.lock";
			outputFileListPaths = (
			);
			outputPaths = (
				"$(DERIVED_FILE_DIR)/Pods-AllBusiness-AllBusinessUITests-checkManifestLockResult.txt",
			);
			runOnlyForDeploymentPostprocessing = 0;
			shellPath = /bin/sh;
			shellScript = "diff \"${PODS_PODFILE_DIR_PATH}/Podfile.lock\" \"${PODS_ROOT}/Manifest.lock\" > /dev/null\nif [ $? != 0 ] ; then\n    # print error to STDERR\n    echo \"error: The sandbox is not in sync with the Podfile.lock. Run 'pod install' or update your CocoaPods installation.\" >&2\n    exit 1\nfi\n# This output is used by Xcode 'outputs' to avoid re-running this script phase.\necho \"SUCCESS\" > \"${SCRIPT_OUTPUT_FILE_0}\"\n";
			showEnvVarsInLog = 0;
		};
		BA7022399594B8128A75F089 /* [CP] Embed Pods Frameworks */ = {
			isa = PBXShellScriptBuildPhase;
			buildActionMask = 2147483647;
			files = (
			);
			inputFileListPaths = (
				"${PODS_ROOT}/Target Support Files/Pods-AllBusiness-AllBusinessUITests/Pods-AllBusiness-AllBusinessUITests-frameworks-${CONFIGURATION}-input-files.xcfilelist",
			);
			name = "[CP] Embed Pods Frameworks";
			outputFileListPaths = (
				"${PODS_ROOT}/Target Support Files/Pods-AllBusiness-AllBusinessUITests/Pods-AllBusiness-AllBusinessUITests-frameworks-${CONFIGURATION}-output-files.xcfilelist",
			);
			runOnlyForDeploymentPostprocessing = 0;
			shellPath = /bin/sh;
			shellScript = "\"${PODS_ROOT}/Target Support Files/Pods-AllBusiness-AllBusinessUITests/Pods-AllBusiness-AllBusinessUITests-frameworks.sh\"\n";
			showEnvVarsInLog = 0;
		};
		ECF1200AD33EE4ADAFB426E1 /* [CP] Embed Pods Frameworks */ = {
			isa = PBXShellScriptBuildPhase;
			buildActionMask = 2147483647;
			files = (
			);
			inputFileListPaths = (
				"${PODS_ROOT}/Target Support Files/Pods-AllBusiness/Pods-AllBusiness-frameworks-${CONFIGURATION}-input-files.xcfilelist",
			);
			name = "[CP] Embed Pods Frameworks";
			outputFileListPaths = (
				"${PODS_ROOT}/Target Support Files/Pods-AllBusiness/Pods-AllBusiness-frameworks-${CONFIGURATION}-output-files.xcfilelist",
			);
			runOnlyForDeploymentPostprocessing = 0;
			shellPath = /bin/sh;
			shellScript = "\"${PODS_ROOT}/Target Support Files/Pods-AllBusiness/Pods-AllBusiness-frameworks.sh\"\n";
			showEnvVarsInLog = 0;
		};
/* End PBXShellScriptBuildPhase section */

/* Begin PBXSourcesBuildPhase section */
		1460A5FC27BE99F900BAA9AD /* Sources */ = {
			isa = PBXSourcesBuildPhase;
			buildActionMask = 2147483647;
			files = (
				14354D3B27C0ADF10066AC11 /* LocationServices.swift in Sources */,
				1460A64727BE9CD500BAA9AD /* Location.swift in Sources */,
				145778D227C0E90B00C3A9D9 /* RootAPI.swift in Sources */,
				1460A64127BE9C9A00BAA9AD /* Business.swift in Sources */,
				1460A60827BE99F900BAA9AD /* ViewController.swift in Sources */,
				1460A60E27BE99F900BAA9AD /* AllBusiness.xcdatamodeld in Sources */,
				145778D327C0E90B00C3A9D9 /* APIUtils.swift in Sources */,
				1460A64927BE9CED00BAA9AD /* Region.swift in Sources */,
				145778DE27C100B400C3A9D9 /* BusinessListCoordinator.swift in Sources */,
				145778DD27C100AF00C3A9D9 /* BusinessDetailCoordinator.swift in Sources */,
				145778ED27C1088800C3A9D9 /* UIViewUtils.swift in Sources */,
				1460A63D27BE9C6300BAA9AD /* BusinessResponse.swift in Sources */,
				145778D827C0EB7000C3A9D9 /* Box.swift in Sources */,
				1460A60427BE99F900BAA9AD /* AppDelegate.swift in Sources */,
				1460A64327BE9CB000BAA9AD /* Category.swift in Sources */,
				1460A60627BE99F900BAA9AD /* SceneDelegate.swift in Sources */,
				145778EB27C1086400C3A9D9 /* BusinessListAdapter.swift in Sources */,
				145778E727C101DB00C3A9D9 /* BusinessDetailViewController.swift in Sources */,
				145778EC27C1088800C3A9D9 /* UIColorUtils.swift in Sources */,
				145778D027C0E51F00C3A9D9 /* BusinessListAPI.swift in Sources */,
				145778D627C0E97000C3A9D9 /* YelpFusionServices.swift in Sources */,
				145778D427C0E90B00C3A9D9 /* APIError.swift in Sources */,
				1460A64527BE9CBE00BAA9AD /* Center.swift in Sources */,
				145778F027C108F000C3A9D9 /* BusinessListCell.swift in Sources */,
				145778D127C0E90B00C3A9D9 /* SessionManager.swift in Sources */,
				145778DF27C100B400C3A9D9 /* Coordinator.swift in Sources */,
				145778E527C1013500C3A9D9 /* BusinessListViewController.swift in Sources */,
				145778E927C1034800C3A9D9 /* BusinessListViewModel.swift in Sources */,
				145778E027C100B400C3A9D9 /* ApplicationCoordinator.swift in Sources */,
			);
			runOnlyForDeploymentPostprocessing = 0;
		};
		1460A61527BE99FC00BAA9AD /* Sources */ = {
			isa = PBXSourcesBuildPhase;
			buildActionMask = 2147483647;
			files = (
				1460A61E27BE99FC00BAA9AD /* AllBusinessTests.swift in Sources */,
			);
			runOnlyForDeploymentPostprocessing = 0;
		};
		1460A61F27BE99FC00BAA9AD /* Sources */ = {
			isa = PBXSourcesBuildPhase;
			buildActionMask = 2147483647;
			files = (
				1460A62A27BE99FC00BAA9AD /* AllBusinessUITestsLaunchTests.swift in Sources */,
				1460A62827BE99FC00BAA9AD /* AllBusinessUITests.swift in Sources */,
			);
			runOnlyForDeploymentPostprocessing = 0;
		};
/* End PBXSourcesBuildPhase section */

/* Begin PBXTargetDependency section */
		1460A61B27BE99FC00BAA9AD /* PBXTargetDependency */ = {
			isa = PBXTargetDependency;
			target = 1460A5FF27BE99F900BAA9AD /* AllBusiness */;
			targetProxy = 1460A61A27BE99FC00BAA9AD /* PBXContainerItemProxy */;
		};
		1460A62527BE99FC00BAA9AD /* PBXTargetDependency */ = {
			isa = PBXTargetDependency;
			target = 1460A5FF27BE99F900BAA9AD /* AllBusiness */;
			targetProxy = 1460A62427BE99FC00BAA9AD /* PBXContainerItemProxy */;
		};
/* End PBXTargetDependency section */

/* Begin PBXVariantGroup section */
		1460A60927BE99F900BAA9AD /* Main.storyboard */ = {
			isa = PBXVariantGroup;
			children = (
				1460A60A27BE99F900BAA9AD /* Base */,
			);
			name = Main.storyboard;
			sourceTree = "<group>";
		};
		1460A61127BE99FB00BAA9AD /* LaunchScreen.storyboard */ = {
			isa = PBXVariantGroup;
			children = (
				1460A61227BE99FB00BAA9AD /* Base */,
			);
			name = LaunchScreen.storyboard;
			sourceTree = "<group>";
		};
/* End PBXVariantGroup section */

/* Begin XCBuildConfiguration section */
		1460A62B27BE99FC00BAA9AD /* Debug */ = {
			isa = XCBuildConfiguration;
			buildSettings = {
				ALWAYS_SEARCH_USER_PATHS = NO;
				CLANG_ANALYZER_NONNULL = YES;
				CLANG_ANALYZER_NUMBER_OBJECT_CONVERSION = YES_AGGRESSIVE;
				CLANG_CXX_LANGUAGE_STANDARD = "gnu++17";
				CLANG_CXX_LIBRARY = "libc++";
				CLANG_ENABLE_MODULES = YES;
				CLANG_ENABLE_OBJC_ARC = YES;
				CLANG_ENABLE_OBJC_WEAK = YES;
				CLANG_WARN_BLOCK_CAPTURE_AUTORELEASING = YES;
				CLANG_WARN_BOOL_CONVERSION = YES;
				CLANG_WARN_COMMA = YES;
				CLANG_WARN_CONSTANT_CONVERSION = YES;
				CLANG_WARN_DEPRECATED_OBJC_IMPLEMENTATIONS = YES;
				CLANG_WARN_DIRECT_OBJC_ISA_USAGE = YES_ERROR;
				CLANG_WARN_DOCUMENTATION_COMMENTS = YES;
				CLANG_WARN_EMPTY_BODY = YES;
				CLANG_WARN_ENUM_CONVERSION = YES;
				CLANG_WARN_INFINITE_RECURSION = YES;
				CLANG_WARN_INT_CONVERSION = YES;
				CLANG_WARN_NON_LITERAL_NULL_CONVERSION = YES;
				CLANG_WARN_OBJC_IMPLICIT_RETAIN_SELF = YES;
				CLANG_WARN_OBJC_LITERAL_CONVERSION = YES;
				CLANG_WARN_OBJC_ROOT_CLASS = YES_ERROR;
				CLANG_WARN_QUOTED_INCLUDE_IN_FRAMEWORK_HEADER = YES;
				CLANG_WARN_RANGE_LOOP_ANALYSIS = YES;
				CLANG_WARN_STRICT_PROTOTYPES = YES;
				CLANG_WARN_SUSPICIOUS_MOVE = YES;
				CLANG_WARN_UNGUARDED_AVAILABILITY = YES_AGGRESSIVE;
				CLANG_WARN_UNREACHABLE_CODE = YES;
				CLANG_WARN__DUPLICATE_METHOD_MATCH = YES;
				COPY_PHASE_STRIP = NO;
				DEBUG_INFORMATION_FORMAT = dwarf;
				ENABLE_STRICT_OBJC_MSGSEND = YES;
				ENABLE_TESTABILITY = YES;
				GCC_C_LANGUAGE_STANDARD = gnu11;
				GCC_DYNAMIC_NO_PIC = NO;
				GCC_NO_COMMON_BLOCKS = YES;
				GCC_OPTIMIZATION_LEVEL = 0;
				GCC_PREPROCESSOR_DEFINITIONS = (
					"DEBUG=1",
					"$(inherited)",
				);
				GCC_WARN_64_TO_32_BIT_CONVERSION = YES;
				GCC_WARN_ABOUT_RETURN_TYPE = YES_ERROR;
				GCC_WARN_UNDECLARED_SELECTOR = YES;
				GCC_WARN_UNINITIALIZED_AUTOS = YES_AGGRESSIVE;
				GCC_WARN_UNUSED_FUNCTION = YES;
				GCC_WARN_UNUSED_VARIABLE = YES;
				IPHONEOS_DEPLOYMENT_TARGET = 15.2;
				MTL_ENABLE_DEBUG_INFO = INCLUDE_SOURCE;
				MTL_FAST_MATH = YES;
				ONLY_ACTIVE_ARCH = YES;
				SDKROOT = iphoneos;
				SWIFT_ACTIVE_COMPILATION_CONDITIONS = DEBUG;
				SWIFT_OPTIMIZATION_LEVEL = "-Onone";
			};
			name = Debug;
		};
		1460A62C27BE99FC00BAA9AD /* Release */ = {
			isa = XCBuildConfiguration;
			buildSettings = {
				ALWAYS_SEARCH_USER_PATHS = NO;
				CLANG_ANALYZER_NONNULL = YES;
				CLANG_ANALYZER_NUMBER_OBJECT_CONVERSION = YES_AGGRESSIVE;
				CLANG_CXX_LANGUAGE_STANDARD = "gnu++17";
				CLANG_CXX_LIBRARY = "libc++";
				CLANG_ENABLE_MODULES = YES;
				CLANG_ENABLE_OBJC_ARC = YES;
				CLANG_ENABLE_OBJC_WEAK = YES;
				CLANG_WARN_BLOCK_CAPTURE_AUTORELEASING = YES;
				CLANG_WARN_BOOL_CONVERSION = YES;
				CLANG_WARN_COMMA = YES;
				CLANG_WARN_CONSTANT_CONVERSION = YES;
				CLANG_WARN_DEPRECATED_OBJC_IMPLEMENTATIONS = YES;
				CLANG_WARN_DIRECT_OBJC_ISA_USAGE = YES_ERROR;
				CLANG_WARN_DOCUMENTATION_COMMENTS = YES;
				CLANG_WARN_EMPTY_BODY = YES;
				CLANG_WARN_ENUM_CONVERSION = YES;
				CLANG_WARN_INFINITE_RECURSION = YES;
				CLANG_WARN_INT_CONVERSION = YES;
				CLANG_WARN_NON_LITERAL_NULL_CONVERSION = YES;
				CLANG_WARN_OBJC_IMPLICIT_RETAIN_SELF = YES;
				CLANG_WARN_OBJC_LITERAL_CONVERSION = YES;
				CLANG_WARN_OBJC_ROOT_CLASS = YES_ERROR;
				CLANG_WARN_QUOTED_INCLUDE_IN_FRAMEWORK_HEADER = YES;
				CLANG_WARN_RANGE_LOOP_ANALYSIS = YES;
				CLANG_WARN_STRICT_PROTOTYPES = YES;
				CLANG_WARN_SUSPICIOUS_MOVE = YES;
				CLANG_WARN_UNGUARDED_AVAILABILITY = YES_AGGRESSIVE;
				CLANG_WARN_UNREACHABLE_CODE = YES;
				CLANG_WARN__DUPLICATE_METHOD_MATCH = YES;
				COPY_PHASE_STRIP = NO;
				DEBUG_INFORMATION_FORMAT = "dwarf-with-dsym";
				ENABLE_NS_ASSERTIONS = NO;
				ENABLE_STRICT_OBJC_MSGSEND = YES;
				GCC_C_LANGUAGE_STANDARD = gnu11;
				GCC_NO_COMMON_BLOCKS = YES;
				GCC_WARN_64_TO_32_BIT_CONVERSION = YES;
				GCC_WARN_ABOUT_RETURN_TYPE = YES_ERROR;
				GCC_WARN_UNDECLARED_SELECTOR = YES;
				GCC_WARN_UNINITIALIZED_AUTOS = YES_AGGRESSIVE;
				GCC_WARN_UNUSED_FUNCTION = YES;
				GCC_WARN_UNUSED_VARIABLE = YES;
				IPHONEOS_DEPLOYMENT_TARGET = 15.2;
				MTL_ENABLE_DEBUG_INFO = NO;
				MTL_FAST_MATH = YES;
				SDKROOT = iphoneos;
				SWIFT_COMPILATION_MODE = wholemodule;
				SWIFT_OPTIMIZATION_LEVEL = "-O";
				VALIDATE_PRODUCT = YES;
			};
			name = Release;
		};
		1460A62E27BE99FC00BAA9AD /* Debug */ = {
			isa = XCBuildConfiguration;
			baseConfigurationReference = 0F19F84163C531D63B8768C5 /* Pods-AllBusiness.debug.xcconfig */;
			buildSettings = {
				ASSETCATALOG_COMPILER_APPICON_NAME = AppIcon;
				ASSETCATALOG_COMPILER_GLOBAL_ACCENT_COLOR_NAME = AccentColor;
				CODE_SIGN_STYLE = Automatic;
				CURRENT_PROJECT_VERSION = 1;
				DEVELOPMENT_TEAM = HM226ZZ6XH;
				GENERATE_INFOPLIST_FILE = YES;
				INFOPLIST_FILE = AllBusiness/Info.plist;
				INFOPLIST_KEY_UIApplicationSupportsIndirectInputEvents = YES;
				INFOPLIST_KEY_UILaunchStoryboardName = LaunchScreen;
				INFOPLIST_KEY_UIMainStoryboardFile = Main;
				INFOPLIST_KEY_UISupportedInterfaceOrientations_iPad = "UIInterfaceOrientationPortrait UIInterfaceOrientationPortraitUpsideDown UIInterfaceOrientationLandscapeLeft UIInterfaceOrientationLandscapeRight";
				INFOPLIST_KEY_UISupportedInterfaceOrientations_iPhone = "UIInterfaceOrientationPortrait UIInterfaceOrientationLandscapeLeft UIInterfaceOrientationLandscapeRight";
				IPHONEOS_DEPLOYMENT_TARGET = 12.0;
				LD_RUNPATH_SEARCH_PATHS = (
					"$(inherited)",
					"@executable_path/Frameworks",
				);
				MARKETING_VERSION = 1.0;
				PRODUCT_BUNDLE_IDENTIFIER = com.m1ikhsan.works.AllBusiness;
				PRODUCT_NAME = "$(TARGET_NAME)";
				SWIFT_EMIT_LOC_STRINGS = YES;
				SWIFT_VERSION = 5.0;
				TARGETED_DEVICE_FAMILY = "1,2";
			};
			name = Debug;
		};
		1460A62F27BE99FC00BAA9AD /* Release */ = {
			isa = XCBuildConfiguration;
			baseConfigurationReference = 56388354582F05278C15759B /* Pods-AllBusiness.release.xcconfig */;
			buildSettings = {
				ASSETCATALOG_COMPILER_APPICON_NAME = AppIcon;
				ASSETCATALOG_COMPILER_GLOBAL_ACCENT_COLOR_NAME = AccentColor;
				CODE_SIGN_STYLE = Automatic;
				CURRENT_PROJECT_VERSION = 1;
				DEVELOPMENT_TEAM = HM226ZZ6XH;
				GENERATE_INFOPLIST_FILE = YES;
				INFOPLIST_FILE = AllBusiness/Info.plist;
				INFOPLIST_KEY_UIApplicationSupportsIndirectInputEvents = YES;
				INFOPLIST_KEY_UILaunchStoryboardName = LaunchScreen;
				INFOPLIST_KEY_UIMainStoryboardFile = Main;
				INFOPLIST_KEY_UISupportedInterfaceOrientations_iPad = "UIInterfaceOrientationPortrait UIInterfaceOrientationPortraitUpsideDown UIInterfaceOrientationLandscapeLeft UIInterfaceOrientationLandscapeRight";
				INFOPLIST_KEY_UISupportedInterfaceOrientations_iPhone = "UIInterfaceOrientationPortrait UIInterfaceOrientationLandscapeLeft UIInterfaceOrientationLandscapeRight";
				IPHONEOS_DEPLOYMENT_TARGET = 12.0;
				LD_RUNPATH_SEARCH_PATHS = (
					"$(inherited)",
					"@executable_path/Frameworks",
				);
				MARKETING_VERSION = 1.0;
				PRODUCT_BUNDLE_IDENTIFIER = com.m1ikhsan.works.AllBusiness;
				PRODUCT_NAME = "$(TARGET_NAME)";
				SWIFT_EMIT_LOC_STRINGS = YES;
				SWIFT_VERSION = 5.0;
				TARGETED_DEVICE_FAMILY = "1,2";
			};
			name = Release;
		};
		1460A63127BE99FC00BAA9AD /* Debug */ = {
			isa = XCBuildConfiguration;
			baseConfigurationReference = 7CC6BC0ACD1661D655624F24 /* Pods-AllBusinessTests.debug.xcconfig */;
			buildSettings = {
				ALWAYS_EMBED_SWIFT_STANDARD_LIBRARIES = YES;
				BUNDLE_LOADER = "$(TEST_HOST)";
				CODE_SIGN_STYLE = Automatic;
				CURRENT_PROJECT_VERSION = 1;
				DEVELOPMENT_TEAM = HM226ZZ6XH;
				GENERATE_INFOPLIST_FILE = YES;
				IPHONEOS_DEPLOYMENT_TARGET = 15.2;
				MARKETING_VERSION = 1.0;
				PRODUCT_BUNDLE_IDENTIFIER = com.m1ikhsan.works.AllBusinessTests;
				PRODUCT_NAME = "$(TARGET_NAME)";
				SWIFT_EMIT_LOC_STRINGS = NO;
				SWIFT_VERSION = 5.0;
				TARGETED_DEVICE_FAMILY = "1,2";
				TEST_HOST = "$(BUILT_PRODUCTS_DIR)/AllBusiness.app/AllBusiness";
			};
			name = Debug;
		};
		1460A63227BE99FC00BAA9AD /* Release */ = {
			isa = XCBuildConfiguration;
			baseConfigurationReference = A0856ED10086824F90690085 /* Pods-AllBusinessTests.release.xcconfig */;
			buildSettings = {
				ALWAYS_EMBED_SWIFT_STANDARD_LIBRARIES = YES;
				BUNDLE_LOADER = "$(TEST_HOST)";
				CODE_SIGN_STYLE = Automatic;
				CURRENT_PROJECT_VERSION = 1;
				DEVELOPMENT_TEAM = HM226ZZ6XH;
				GENERATE_INFOPLIST_FILE = YES;
				IPHONEOS_DEPLOYMENT_TARGET = 15.2;
				MARKETING_VERSION = 1.0;
				PRODUCT_BUNDLE_IDENTIFIER = com.m1ikhsan.works.AllBusinessTests;
				PRODUCT_NAME = "$(TARGET_NAME)";
				SWIFT_EMIT_LOC_STRINGS = NO;
				SWIFT_VERSION = 5.0;
				TARGETED_DEVICE_FAMILY = "1,2";
				TEST_HOST = "$(BUILT_PRODUCTS_DIR)/AllBusiness.app/AllBusiness";
			};
			name = Release;
		};
		1460A63427BE99FC00BAA9AD /* Debug */ = {
			isa = XCBuildConfiguration;
			baseConfigurationReference = D2FAC1A184EE9617DEC35413 /* Pods-AllBusiness-AllBusinessUITests.debug.xcconfig */;
			buildSettings = {
				ALWAYS_EMBED_SWIFT_STANDARD_LIBRARIES = YES;
				CODE_SIGN_STYLE = Automatic;
				CURRENT_PROJECT_VERSION = 1;
				DEVELOPMENT_TEAM = HM226ZZ6XH;
				GENERATE_INFOPLIST_FILE = YES;
				MARKETING_VERSION = 1.0;
				PRODUCT_BUNDLE_IDENTIFIER = com.m1ikhsan.works.AllBusinessUITests;
				PRODUCT_NAME = "$(TARGET_NAME)";
				SWIFT_EMIT_LOC_STRINGS = NO;
				SWIFT_VERSION = 5.0;
				TARGETED_DEVICE_FAMILY = "1,2";
				TEST_TARGET_NAME = AllBusiness;
			};
			name = Debug;
		};
		1460A63527BE99FC00BAA9AD /* Release */ = {
			isa = XCBuildConfiguration;
			baseConfigurationReference = B7073F94485038C60DBF5375 /* Pods-AllBusiness-AllBusinessUITests.release.xcconfig */;
			buildSettings = {
				ALWAYS_EMBED_SWIFT_STANDARD_LIBRARIES = YES;
				CODE_SIGN_STYLE = Automatic;
				CURRENT_PROJECT_VERSION = 1;
				DEVELOPMENT_TEAM = HM226ZZ6XH;
				GENERATE_INFOPLIST_FILE = YES;
				MARKETING_VERSION = 1.0;
				PRODUCT_BUNDLE_IDENTIFIER = com.m1ikhsan.works.AllBusinessUITests;
				PRODUCT_NAME = "$(TARGET_NAME)";
				SWIFT_EMIT_LOC_STRINGS = NO;
				SWIFT_VERSION = 5.0;
				TARGETED_DEVICE_FAMILY = "1,2";
				TEST_TARGET_NAME = AllBusiness;
			};
			name = Release;
		};
/* End XCBuildConfiguration section */

/* Begin XCConfigurationList section */
		1460A5FB27BE99F900BAA9AD /* Build configuration list for PBXProject "AllBusiness" */ = {
			isa = XCConfigurationList;
			buildConfigurations = (
				1460A62B27BE99FC00BAA9AD /* Debug */,
				1460A62C27BE99FC00BAA9AD /* Release */,
			);
			defaultConfigurationIsVisible = 0;
			defaultConfigurationName = Release;
		};
		1460A62D27BE99FC00BAA9AD /* Build configuration list for PBXNativeTarget "AllBusiness" */ = {
			isa = XCConfigurationList;
			buildConfigurations = (
				1460A62E27BE99FC00BAA9AD /* Debug */,
				1460A62F27BE99FC00BAA9AD /* Release */,
			);
			defaultConfigurationIsVisible = 0;
			defaultConfigurationName = Release;
		};
		1460A63027BE99FC00BAA9AD /* Build configuration list for PBXNativeTarget "AllBusinessTests" */ = {
			isa = XCConfigurationList;
			buildConfigurations = (
				1460A63127BE99FC00BAA9AD /* Debug */,
				1460A63227BE99FC00BAA9AD /* Release */,
			);
			defaultConfigurationIsVisible = 0;
			defaultConfigurationName = Release;
		};
		1460A63327BE99FC00BAA9AD /* Build configuration list for PBXNativeTarget "AllBusinessUITests" */ = {
			isa = XCConfigurationList;
			buildConfigurations = (
				1460A63427BE99FC00BAA9AD /* Debug */,
				1460A63527BE99FC00BAA9AD /* Release */,
			);
			defaultConfigurationIsVisible = 0;
			defaultConfigurationName = Release;
		};
/* End XCConfigurationList section */

/* Begin XCVersionGroup section */
		1460A60C27BE99F900BAA9AD /* AllBusiness.xcdatamodeld */ = {
			isa = XCVersionGroup;
			children = (
				1460A60D27BE99F900BAA9AD /* AllBusiness.xcdatamodel */,
			);
			currentVersion = 1460A60D27BE99F900BAA9AD /* AllBusiness.xcdatamodel */;
			path = AllBusiness.xcdatamodeld;
			sourceTree = "<group>";
			versionGroupType = wrapper.xcdatamodel;
		};
/* End XCVersionGroup section */
	};
	rootObject = 1460A5F827BE99F900BAA9AD /* Project object */;
}
